
Microsoft Visual Studio Solution File, Format Version 12.00
# Visual Studio Version 17
VisualStudioVersion = 17.11.35208.52
MinimumVisualStudioVersion = 10.0.40219.1
Project("{FAE04EC0-301F-11D3-BF4B-00C04F79EFBC}") = "Assignment", "Assignment\Assignment.csproj", "{F6EA8F05-2072-433E-9BE5-F03E3A222786}"
EndProject
Global
	GlobalSection(SolutionConfigurationPlatforms) = preSolution
		Debug|Any CPU = Debug|Any CPU
		Release|Any CPU = Release|Any CPU
	EndGlobalSection
	GlobalSection(ProjectConfigurationPlatforms) = postSolution
		{F6EA8F05-2072-433E-9BE5-F03E3A222786}.Debug|Any CPU.ActiveCfg = Debug|Any CPU
		{F6EA8F05-2072-433E-9BE5-F03E3A222786}.Debug|Any CPU.Build.0 = Debug|Any CPU
		{F6EA8F05-2072-433E-9BE5-F03E3A222786}.Release|Any CPU.ActiveCfg = Release|Any CPU
		{F6EA8F05-2072-433E-9BE5-F03E3A222786}.Release|Any CPU.Build.0 = Release|Any CPU
	EndGlobalSection
	GlobalSection(SolutionProperties) = preSolution
		HideSolutionNode = FALSE
	EndGlobalSection
	GlobalSection(ExtensibilityGlobals) = postSolution
		SolutionGuid = {4355ED6D-7692-4B5A-8C52-6650293F8FDD}
	EndGlobalSection
EndGlobal
